
Microsoft Visual Studio Solution File, Format Version 12.00
# Visual Studio Version 17
VisualStudioVersion = 17.3.32929.385
MinimumVisualStudioVersion = 10.0.40219.1
Project("{FAE04EC0-301F-11D3-BF4B-00C04F79EFBC}") = "DefaultProject.Domain", "DefaultProject.Domain\DefaultProject.Domain.csproj", "{33CF1455-D09A-472D-9F78-E20EB5880955}"
EndProject
Project("{FAE04EC0-301F-11D3-BF4B-00C04F79EFBC}") = "DefaultProject.Infrastructure", "DefaultProject.Infrastructure\DefaultProject.Infrastructure.csproj", "{BB589454-2BB7-4637-92EC-FD701C3DC47F}"
EndProject
Project("{FAE04EC0-301F-11D3-BF4B-00C04F79EFBC}") = "DefaultProject.Application", "DefaultProject.Application\DefaultProject.Application.csproj", "{C0B7B8A3-0443-4F35-9672-F2EC03329CE2}"
EndProject
Project("{FAE04EC0-301F-11D3-BF4B-00C04F79EFBC}") = "DefaultProject.Web", "DefaultProject.Web\DefaultProject.Web.csproj", "{C9890C6D-040C-4F6D-8C91-87BBD5A31453}"
EndProject
Global
	GlobalSection(SolutionConfigurationPlatforms) = preSolution
		Debug|Any CPU = Debug|Any CPU
		Release|Any CPU = Release|Any CPU
	EndGlobalSection
	GlobalSection(ProjectConfigurationPlatforms) = postSolution
		{33CF1455-D09A-472D-9F78-E20EB5880955}.Debug|Any CPU.ActiveCfg = Debug|Any CPU
		{33CF1455-D09A-472D-9F78-E20EB5880955}.Debug|Any CPU.Build.0 = Debug|Any CPU
		{33CF1455-D09A-472D-9F78-E20EB5880955}.Release|Any CPU.ActiveCfg = Release|Any CPU
		{33CF1455-D09A-472D-9F78-E20EB5880955}.Release|Any CPU.Build.0 = Release|Any CPU
		{BB589454-2BB7-4637-92EC-FD701C3DC47F}.Debug|Any CPU.ActiveCfg = Debug|Any CPU
		{BB589454-2BB7-4637-92EC-FD701C3DC47F}.Debug|Any CPU.Build.0 = Debug|Any CPU
		{BB589454-2BB7-4637-92EC-FD701C3DC47F}.Release|Any CPU.ActiveCfg = Release|Any CPU
		{BB589454-2BB7-4637-92EC-FD701C3DC47F}.Release|Any CPU.Build.0 = Release|Any CPU
		{C0B7B8A3-0443-4F35-9672-F2EC03329CE2}.Debug|Any CPU.ActiveCfg = Debug|Any CPU
		{C0B7B8A3-0443-4F35-9672-F2EC03329CE2}.Debug|Any CPU.Build.0 = Debug|Any CPU
		{C0B7B8A3-0443-4F35-9672-F2EC03329CE2}.Release|Any CPU.ActiveCfg = Release|Any CPU
		{C0B7B8A3-0443-4F35-9672-F2EC03329CE2}.Release|Any CPU.Build.0 = Release|Any CPU
		{C9890C6D-040C-4F6D-8C91-87BBD5A31453}.Debug|Any CPU.ActiveCfg = Debug|Any CPU
		{C9890C6D-040C-4F6D-8C91-87BBD5A31453}.Debug|Any CPU.Build.0 = Debug|Any CPU
		{C9890C6D-040C-4F6D-8C91-87BBD5A31453}.Release|Any CPU.ActiveCfg = Release|Any CPU
		{C9890C6D-040C-4F6D-8C91-87BBD5A31453}.Release|Any CPU.Build.0 = Release|Any CPU
	EndGlobalSection
	GlobalSection(SolutionProperties) = preSolution
		HideSolutionNode = FALSE
	EndGlobalSection
	GlobalSection(ExtensibilityGlobals) = postSolution
		SolutionGuid = {733077A0-1D5C-41DD-937E-A5098F786B4C}
	EndGlobalSection
EndGlobal
